
Microsoft Visual Studio Solution File, Format Version 12.00
# Visual Studio Version 16
VisualStudioVersion = 16.0.31515.178
MinimumVisualStudioVersion = 10.0.40219.1
Project("{FAE04EC0-301F-11D3-BF4B-00C04F79EFBC}") = "CalculadoraCompletas", "CalculadoraCompletas\CalculadoraCompletas.csproj", "{6A9CB90B-7880-48B9-BF01-2CD1401D639E}"
EndProject
Global
	GlobalSection(SolutionConfigurationPlatforms) = preSolution
		Debug|Any CPU = Debug|Any CPU
		Release|Any CPU = Release|Any CPU
	EndGlobalSection
	GlobalSection(ProjectConfigurationPlatforms) = postSolution
		{6A9CB90B-7880-48B9-BF01-2CD1401D639E}.Debug|Any CPU.ActiveCfg = Debug|Any CPU
		{6A9CB90B-7880-48B9-BF01-2CD1401D639E}.Debug|Any CPU.Build.0 = Debug|Any CPU
		{6A9CB90B-7880-48B9-BF01-2CD1401D639E}.Release|Any CPU.ActiveCfg = Release|Any CPU
		{6A9CB90B-7880-48B9-BF01-2CD1401D639E}.Release|Any CPU.Build.0 = Release|Any CPU
	EndGlobalSection
	GlobalSection(SolutionProperties) = preSolution
		HideSolutionNode = FALSE
	EndGlobalSection
	GlobalSection(ExtensibilityGlobals) = postSolution
		SolutionGuid = {579F1219-058D-418F-8409-DD5EC2CCB411}
	EndGlobalSection
EndGlobal
